
Microsoft Visual Studio Solution File, Format Version 12.00
# Visual Studio 15
VisualStudioVersion = 15.0.28010.2041
MinimumVisualStudioVersion = 10.0.40219.1
Project("{FAE04EC0-301F-11D3-BF4B-00C04F79EFBC}") = "Easly-Controller", "Easly-Controller\Easly-Controller.csproj", "{E746CFCE-8C74-4025-93DD-2C380F810161}"
EndProject
Project("{FAE04EC0-301F-11D3-BF4B-00C04F79EFBC}") = "TestDebug", "TestDebug\TestDebug.csproj", "{041BF2A9-A363-4C05-B2AB-86FA3F5D4F63}"
EndProject
Project("{FAE04EC0-301F-11D3-BF4B-00C04F79EFBC}") = "EditorDebug", "EditorDebug\EditorDebug.csproj", "{AB83BA56-657E-4093-8659-AF6C9B5D68BA}"
EndProject
Project("{FAE04EC0-301F-11D3-BF4B-00C04F79EFBC}") = "Easly-Draw", "Easly-Draw\Easly-Draw.csproj", "{182A2175-4C93-434A-A027-E101FBD55F48}"
EndProject
Project("{FAE04EC0-301F-11D3-BF4B-00C04F79EFBC}") = "Easly-Preview", "Easly-Preview\Easly-Preview.csproj", "{6346EEB6-3C0B-49FA-A674-815E8AAD5336}"
EndProject
Project("{FAE04EC0-301F-11D3-BF4B-00C04F79EFBC}") = "Easly-Edit", "Easly-Edit\Easly-Edit.csproj", "{ED89EF7C-7F5E-49CE-935F-1DE9715E79BB}"
EndProject
Global
	GlobalSection(SolutionConfigurationPlatforms) = preSolution
		Debug|x64 = Debug|x64
		Release|x64 = Release|x64
		Travis|x64 = Travis|x64
	EndGlobalSection
	GlobalSection(ProjectConfigurationPlatforms) = postSolution
		{E746CFCE-8C74-4025-93DD-2C380F810161}.Debug|x64.ActiveCfg = Debug|x64
		{E746CFCE-8C74-4025-93DD-2C380F810161}.Debug|x64.Build.0 = Debug|x64
		{E746CFCE-8C74-4025-93DD-2C380F810161}.Release|x64.ActiveCfg = Release|x64
		{E746CFCE-8C74-4025-93DD-2C380F810161}.Release|x64.Build.0 = Release|x64
		{E746CFCE-8C74-4025-93DD-2C380F810161}.Travis|x64.ActiveCfg = Travis|x64
		{E746CFCE-8C74-4025-93DD-2C380F810161}.Travis|x64.Build.0 = Travis|x64
		{041BF2A9-A363-4C05-B2AB-86FA3F5D4F63}.Debug|x64.ActiveCfg = Debug|x64
		{041BF2A9-A363-4C05-B2AB-86FA3F5D4F63}.Debug|x64.Build.0 = Debug|x64
		{041BF2A9-A363-4C05-B2AB-86FA3F5D4F63}.Release|x64.ActiveCfg = Release|x64
		{041BF2A9-A363-4C05-B2AB-86FA3F5D4F63}.Travis|x64.ActiveCfg = Travis|x64
		{AB83BA56-657E-4093-8659-AF6C9B5D68BA}.Debug|x64.ActiveCfg = Debug|x64
		{AB83BA56-657E-4093-8659-AF6C9B5D68BA}.Debug|x64.Build.0 = Debug|x64
		{AB83BA56-657E-4093-8659-AF6C9B5D68BA}.Release|x64.ActiveCfg = Release|x64
		{AB83BA56-657E-4093-8659-AF6C9B5D68BA}.Travis|x64.ActiveCfg = Release|x64
		{182A2175-4C93-434A-A027-E101FBD55F48}.Debug|x64.ActiveCfg = Debug|x64
		{182A2175-4C93-434A-A027-E101FBD55F48}.Debug|x64.Build.0 = Debug|x64
		{182A2175-4C93-434A-A027-E101FBD55F48}.Release|x64.ActiveCfg = Release|x64
		{182A2175-4C93-434A-A027-E101FBD55F48}.Release|x64.Build.0 = Release|x64
		{182A2175-4C93-434A-A027-E101FBD55F48}.Travis|x64.ActiveCfg = Release|x64
		{6346EEB6-3C0B-49FA-A674-815E8AAD5336}.Debug|x64.ActiveCfg = Debug|x64
		{6346EEB6-3C0B-49FA-A674-815E8AAD5336}.Debug|x64.Build.0 = Debug|x64
		{6346EEB6-3C0B-49FA-A674-815E8AAD5336}.Release|x64.ActiveCfg = Release|x64
		{6346EEB6-3C0B-49FA-A674-815E8AAD5336}.Release|x64.Build.0 = Release|x64
		{6346EEB6-3C0B-49FA-A674-815E8AAD5336}.Travis|x64.ActiveCfg = Release|x64
		{ED89EF7C-7F5E-49CE-935F-1DE9715E79BB}.Debug|x64.ActiveCfg = Debug|x64
		{ED89EF7C-7F5E-49CE-935F-1DE9715E79BB}.Debug|x64.Build.0 = Debug|x64
		{ED89EF7C-7F5E-49CE-935F-1DE9715E79BB}.Release|x64.ActiveCfg = Release|x64
		{ED89EF7C-7F5E-49CE-935F-1DE9715E79BB}.Release|x64.Build.0 = Release|x64
		{ED89EF7C-7F5E-49CE-935F-1DE9715E79BB}.Travis|x64.ActiveCfg = Release|x64
	EndGlobalSection
	GlobalSection(SolutionProperties) = preSolution
		HideSolutionNode = FALSE
	EndGlobalSection
	GlobalSection(ExtensibilityGlobals) = postSolution
		SolutionGuid = {E137C711-41BC-4831-AE1C-8E5E3A74E5AD}
	EndGlobalSection
EndGlobal
